
Microsoft Visual Studio Solution File, Format Version 12.00
# Visual Studio Version 17
VisualStudioVersion = 17.9.34616.47
MinimumVisualStudioVersion = 10.0.40219.1
Project("{9A19103F-16F7-4668-BE54-9A1E7A4F7556}") = "PROJE1", "PROJE1\PROJE1.csproj", "{2ABB3EFD-E829-49CA-868E-AD914AE77D44}"
EndProject
Project("{2150E333-8FDC-42A3-9474-1A3956D46DE8}") = "Solution Items", "Solution Items", "{CF9C7DEB-2345-4D08-9271-122428CC72CE}"
	ProjectSection(SolutionItems) = preProject
		.editorconfig = .editorconfig
	EndProjectSection
EndProject
Global
	GlobalSection(SolutionConfigurationPlatforms) = preSolution
		Debug|Any CPU = Debug|Any CPU
		Release|Any CPU = Release|Any CPU
	EndGlobalSection
	GlobalSection(ProjectConfigurationPlatforms) = postSolution
		{2ABB3EFD-E829-49CA-868E-AD914AE77D44}.Debug|Any CPU.ActiveCfg = Debug|Any CPU
		{2ABB3EFD-E829-49CA-868E-AD914AE77D44}.Debug|Any CPU.Build.0 = Debug|Any CPU
		{2ABB3EFD-E829-49CA-868E-AD914AE77D44}.Release|Any CPU.ActiveCfg = Release|Any CPU
		{2ABB3EFD-E829-49CA-868E-AD914AE77D44}.Release|Any CPU.Build.0 = Release|Any CPU
	EndGlobalSection
	GlobalSection(SolutionProperties) = preSolution
		HideSolutionNode = FALSE
	EndGlobalSection
	GlobalSection(ExtensibilityGlobals) = postSolution
		SolutionGuid = {D6DE633D-E619-46BB-8E83-5FD886F58872}
	EndGlobalSection
EndGlobal
